{
  "name": "FahieAFF",
  "lockfileVersion": 3,
  "requires": true,
  "packages": {
    "": {
      "dependencies": {
        "@fontsource/comfortaa": "^5.2.8"
      }
    },
    "node_modules/@fontsource/comfortaa": {
      "version": "5.2.8",
      "resolved": "https://registry.npmjs.org/@fontsource/comfortaa/-/comfortaa-5.2.8.tgz",
      "integrity": "sha512-S5oyMR0QzBPIJvS52W8Xgv9IcJkScIHgHZ7R2lqwW9nVD10mlIzunNPrIrAuU6kES+A35tc52UdQ9tunL1CWeg==",
      "license": "OFL-1.1",
      "funding": {
        "url": "https://github.com/sponsors/ayuhito"
      }
    }
  }
}
